
Microsoft Visual Studio Solution File, Format Version 12.00
# Visual Studio Version 16
VisualStudioVersion = 16.0.31410.357
MinimumVisualStudioVersion = 10.0.40219.1
Project("{FAE04EC0-301F-11D3-BF4B-00C04F79EFBC}") = "MovieRatesApp.UWP", "MovieRatesApp\MovieRatesApp.UWP\MovieRatesApp.UWP.csproj", "{42AEF5CB-F6BD-4751-8F2D-D4719E4F0778}"
EndProject
Project("{FAE04EC0-301F-11D3-BF4B-00C04F79EFBC}") = "MovieRatesApp.Android", "MovieRatesApp\MovieRatesApp.Android\MovieRatesApp.Android.csproj", "{C739BCAF-981D-4191-A8B4-4EB73D6EAC8B}"
EndProject
Project("{FAE04EC0-301F-11D3-BF4B-00C04F79EFBC}") = "MovieRatesApp.iOS", "MovieRatesApp\MovieRatesApp.iOS\MovieRatesApp.iOS.csproj", "{FE8A16CA-8915-4666-8277-63007CF02705}"
EndProject
Project("{FAE04EC0-301F-11D3-BF4B-00C04F79EFBC}") = "MovieRatesApp", "MovieRatesApp\MovieRatesApp\MovieRatesApp.csproj", "{297EDEEA-AB78-482D-822D-BE6B6A042518}"
EndProject
Global
	GlobalSection(SolutionConfigurationPlatforms) = preSolution
		Debug|Any CPU = Debug|Any CPU
		Debug|ARM = Debug|ARM
		Debug|iPhone = Debug|iPhone
		Debug|iPhoneSimulator = Debug|iPhoneSimulator
		Debug|x64 = Debug|x64
		Debug|x86 = Debug|x86
		Release|Any CPU = Release|Any CPU
		Release|ARM = Release|ARM
		Release|iPhone = Release|iPhone
		Release|iPhoneSimulator = Release|iPhoneSimulator
		Release|x64 = Release|x64
		Release|x86 = Release|x86
	EndGlobalSection
	GlobalSection(ProjectConfigurationPlatforms) = postSolution
		{42AEF5CB-F6BD-4751-8F2D-D4719E4F0778}.Debug|Any CPU.ActiveCfg = Debug|x86
		{42AEF5CB-F6BD-4751-8F2D-D4719E4F0778}.Debug|Any CPU.Build.0 = Debug|x86
		{42AEF5CB-F6BD-4751-8F2D-D4719E4F0778}.Debug|Any CPU.Deploy.0 = Debug|x86
		{42AEF5CB-F6BD-4751-8F2D-D4719E4F0778}.Debug|ARM.ActiveCfg = Debug|ARM
		{42AEF5CB-F6BD-4751-8F2D-D4719E4F0778}.Debug|ARM.Build.0 = Debug|ARM
		{42AEF5CB-F6BD-4751-8F2D-D4719E4F0778}.Debug|ARM.Deploy.0 = Debug|ARM
		{42AEF5CB-F6BD-4751-8F2D-D4719E4F0778}.Debug|iPhone.ActiveCfg = Debug|x86
		{42AEF5CB-F6BD-4751-8F2D-D4719E4F0778}.Debug|iPhone.Build.0 = Debug|x86
		{42AEF5CB-F6BD-4751-8F2D-D4719E4F0778}.Debug|iPhone.Deploy.0 = Debug|x86
		{42AEF5CB-F6BD-4751-8F2D-D4719E4F0778}.Debug|iPhoneSimulator.ActiveCfg = Debug|x86
		{42AEF5CB-F6BD-4751-8F2D-D4719E4F0778}.Debug|iPhoneSimulator.Build.0 = Debug|x86
		{42AEF5CB-F6BD-4751-8F2D-D4719E4F0778}.Debug|iPhoneSimulator.Deploy.0 = Debug|x86
		{42AEF5CB-F6BD-4751-8F2D-D4719E4F0778}.Debug|x64.ActiveCfg = Debug|x64
		{42AEF5CB-F6BD-4751-8F2D-D4719E4F0778}.Debug|x64.Build.0 = Debug|x64
		{42AEF5CB-F6BD-4751-8F2D-D4719E4F0778}.Debug|x64.Deploy.0 = Debug|x64
		{42AEF5CB-F6BD-4751-8F2D-D4719E4F0778}.Debug|x86.ActiveCfg = Debug|x86
		{42AEF5CB-F6BD-4751-8F2D-D4719E4F0778}.Debug|x86.Build.0 = Debug|x86
		{42AEF5CB-F6BD-4751-8F2D-D4719E4F0778}.Debug|x86.Deploy.0 = Debug|x86
		{42AEF5CB-F6BD-4751-8F2D-D4719E4F0778}.Release|Any CPU.ActiveCfg = Release|x86
		{42AEF5CB-F6BD-4751-8F2D-D4719E4F0778}.Release|Any CPU.Build.0 = Release|x86
		{42AEF5CB-F6BD-4751-8F2D-D4719E4F0778}.Release|Any CPU.Deploy.0 = Release|x86
		{42AEF5CB-F6BD-4751-8F2D-D4719E4F0778}.Release|ARM.ActiveCfg = Release|ARM
		{42AEF5CB-F6BD-4751-8F2D-D4719E4F0778}.Release|ARM.Build.0 = Release|ARM
		{42AEF5CB-F6BD-4751-8F2D-D4719E4F0778}.Release|ARM.Deploy.0 = Release|ARM
		{42AEF5CB-F6BD-4751-8F2D-D4719E4F0778}.Release|iPhone.ActiveCfg = Release|x86
		{42AEF5CB-F6BD-4751-8F2D-D4719E4F0778}.Release|iPhone.Build.0 = Release|x86
		{42AEF5CB-F6BD-4751-8F2D-D4719E4F0778}.Release|iPhone.Deploy.0 = Release|x86
		{42AEF5CB-F6BD-4751-8F2D-D4719E4F0778}.Release|iPhoneSimulator.ActiveCfg = Release|x86
		{42AEF5CB-F6BD-4751-8F2D-D4719E4F0778}.Release|iPhoneSimulator.Build.0 = Release|x86
		{42AEF5CB-F6BD-4751-8F2D-D4719E4F0778}.Release|iPhoneSimulator.Deploy.0 = Release|x86
		{42AEF5CB-F6BD-4751-8F2D-D4719E4F0778}.Release|x64.ActiveCfg = Release|x64
		{42AEF5CB-F6BD-4751-8F2D-D4719E4F0778}.Release|x64.Build.0 = Release|x64
		{42AEF5CB-F6BD-4751-8F2D-D4719E4F0778}.Release|x64.Deploy.0 = Release|x64
		{42AEF5CB-F6BD-4751-8F2D-D4719E4F0778}.Release|x86.ActiveCfg = Release|x86
		{42AEF5CB-F6BD-4751-8F2D-D4719E4F0778}.Release|x86.Build.0 = Release|x86
		{42AEF5CB-F6BD-4751-8F2D-D4719E4F0778}.Release|x86.Deploy.0 = Release|x86
		{C739BCAF-981D-4191-A8B4-4EB73D6EAC8B}.Debug|Any CPU.ActiveCfg = Debug|Any CPU
		{C739BCAF-981D-4191-A8B4-4EB73D6EAC8B}.Debug|Any CPU.Build.0 = Debug|Any CPU
		{C739BCAF-981D-4191-A8B4-4EB73D6EAC8B}.Debug|Any CPU.Deploy.0 = Debug|Any CPU
		{C739BCAF-981D-4191-A8B4-4EB73D6EAC8B}.Debug|ARM.ActiveCfg = Debug|Any CPU
		{C739BCAF-981D-4191-A8B4-4EB73D6EAC8B}.Debug|ARM.Build.0 = Debug|Any CPU
		{C739BCAF-981D-4191-A8B4-4EB73D6EAC8B}.Debug|ARM.Deploy.0 = Debug|Any CPU
		{C739BCAF-981D-4191-A8B4-4EB73D6EAC8B}.Debug|iPhone.ActiveCfg = Debug|Any CPU
		{C739BCAF-981D-4191-A8B4-4EB73D6EAC8B}.Debug|iPhone.Build.0 = Debug|Any CPU
		{C739BCAF-981D-4191-A8B4-4EB73D6EAC8B}.Debug|iPhone.Deploy.0 = Debug|Any CPU
		{C739BCAF-981D-4191-A8B4-4EB73D6EAC8B}.Debug|iPhoneSimulator.ActiveCfg = Debug|Any CPU
		{C739BCAF-981D-4191-A8B4-4EB73D6EAC8B}.Debug|iPhoneSimulator.Build.0 = Debug|Any CPU
		{C739BCAF-981D-4191-A8B4-4EB73D6EAC8B}.Debug|iPhoneSimulator.Deploy.0 = Debug|Any CPU
		{C739BCAF-981D-4191-A8B4-4EB73D6EAC8B}.Debug|x64.ActiveCfg = Debug|Any CPU
		{C739BCAF-981D-4191-A8B4-4EB73D6EAC8B}.Debug|x64.Build.0 = Debug|Any CPU
		{C739BCAF-981D-4191-A8B4-4EB73D6EAC8B}.Debug|x64.Deploy.0 = Debug|Any CPU
		{C739BCAF-981D-4191-A8B4-4EB73D6EAC8B}.Debug|x86.ActiveCfg = Debug|Any CPU
		{C739BCAF-981D-4191-A8B4-4EB73D6EAC8B}.Debug|x86.Build.0 = Debug|Any CPU
		{C739BCAF-981D-4191-A8B4-4EB73D6EAC8B}.Debug|x86.Deploy.0 = Debug|Any CPU
		{C739BCAF-981D-4191-A8B4-4EB73D6EAC8B}.Release|Any CPU.ActiveCfg = Release|Any CPU
		{C739BCAF-981D-4191-A8B4-4EB73D6EAC8B}.Release|Any CPU.Build.0 = Release|Any CPU
		{C739BCAF-981D-4191-A8B4-4EB73D6EAC8B}.Release|Any CPU.Deploy.0 = Release|Any CPU
		{C739BCAF-981D-4191-A8B4-4EB73D6EAC8B}.Release|ARM.ActiveCfg = Release|Any CPU
		{C739BCAF-981D-4191-A8B4-4EB73D6EAC8B}.Release|ARM.Build.0 = Release|Any CPU
		{C739BCAF-981D-4191-A8B4-4EB73D6EAC8B}.Release|ARM.Deploy.0 = Release|Any CPU
		{C739BCAF-981D-4191-A8B4-4EB73D6EAC8B}.Release|iPhone.ActiveCfg = Release|Any CPU
		{C739BCAF-981D-4191-A8B4-4EB73D6EAC8B}.Release|iPhone.Build.0 = Release|Any CPU
		{C739BCAF-981D-4191-A8B4-4EB73D6EAC8B}.Release|iPhone.Deploy.0 = Release|Any CPU
		{C739BCAF-981D-4191-A8B4-4EB73D6EAC8B}.Release|iPhoneSimulator.ActiveCfg = Release|Any CPU
		{C739BCAF-981D-4191-A8B4-4EB73D6EAC8B}.Release|iPhoneSimulator.Build.0 = Release|Any CPU
		{C739BCAF-981D-4191-A8B4-4EB73D6EAC8B}.Release|iPhoneSimulator.Deploy.0 = Release|Any CPU
		{C739BCAF-981D-4191-A8B4-4EB73D6EAC8B}.Release|x64.ActiveCfg = Release|Any CPU
		{C739BCAF-981D-4191-A8B4-4EB73D6EAC8B}.Release|x64.Build.0 = Release|Any CPU
		{C739BCAF-981D-4191-A8B4-4EB73D6EAC8B}.Release|x64.Deploy.0 = Release|Any CPU
		{C739BCAF-981D-4191-A8B4-4EB73D6EAC8B}.Release|x86.ActiveCfg = Release|Any CPU
		{C739BCAF-981D-4191-A8B4-4EB73D6EAC8B}.Release|x86.Build.0 = Release|Any CPU
		{C739BCAF-981D-4191-A8B4-4EB73D6EAC8B}.Release|x86.Deploy.0 = Release|Any CPU
		{FE8A16CA-8915-4666-8277-63007CF02705}.Debug|Any CPU.ActiveCfg = Debug|iPhoneSimulator
		{FE8A16CA-8915-4666-8277-63007CF02705}.Debug|Any CPU.Build.0 = Debug|iPhoneSimulator
		{FE8A16CA-8915-4666-8277-63007CF02705}.Debug|Any CPU.Deploy.0 = Debug|iPhoneSimulator
		{FE8A16CA-8915-4666-8277-63007CF02705}.Debug|ARM.ActiveCfg = Debug|iPhone
		{FE8A16CA-8915-4666-8277-63007CF02705}.Debug|ARM.Build.0 = Debug|iPhone
		{FE8A16CA-8915-4666-8277-63007CF02705}.Debug|ARM.Deploy.0 = Debug|iPhone
		{FE8A16CA-8915-4666-8277-63007CF02705}.Debug|iPhone.ActiveCfg = Debug|iPhone
		{FE8A16CA-8915-4666-8277-63007CF02705}.Debug|iPhone.Build.0 = Debug|iPhone
		{FE8A16CA-8915-4666-8277-63007CF02705}.Debug|iPhone.Deploy.0 = Debug|iPhone
		{FE8A16CA-8915-4666-8277-63007CF02705}.Debug|iPhoneSimulator.ActiveCfg = Debug|iPhoneSimulator
		{FE8A16CA-8915-4666-8277-63007CF02705}.Debug|iPhoneSimulator.Build.0 = Debug|iPhoneSimulator
		{FE8A16CA-8915-4666-8277-63007CF02705}.Debug|iPhoneSimulator.Deploy.0 = Debug|iPhoneSimulator
		{FE8A16CA-8915-4666-8277-63007CF02705}.Debug|x64.ActiveCfg = Debug|iPhoneSimulator
		{FE8A16CA-8915-4666-8277-63007CF02705}.Debug|x64.Build.0 = Debug|iPhoneSimulator
		{FE8A16CA-8915-4666-8277-63007CF02705}.Debug|x64.Deploy.0 = Debug|iPhoneSimulator
		{FE8A16CA-8915-4666-8277-63007CF02705}.Debug|x86.ActiveCfg = Debug|iPhoneSimulator
		{FE8A16CA-8915-4666-8277-63007CF02705}.Debug|x86.Build.0 = Debug|iPhoneSimulator
		{FE8A16CA-8915-4666-8277-63007CF02705}.Debug|x86.Deploy.0 = Debug|iPhoneSimulator
		{FE8A16CA-8915-4666-8277-63007CF02705}.Release|Any CPU.ActiveCfg = Release|iPhoneSimulator
		{FE8A16CA-8915-4666-8277-63007CF02705}.Release|Any CPU.Build.0 = Release|iPhoneSimulator
		{FE8A16CA-8915-4666-8277-63007CF02705}.Release|Any CPU.Deploy.0 = Release|iPhoneSimulator
		{FE8A16CA-8915-4666-8277-63007CF02705}.Release|ARM.ActiveCfg = Release|iPhoneSimulator
		{FE8A16CA-8915-4666-8277-63007CF02705}.Release|ARM.Build.0 = Release|iPhoneSimulator
		{FE8A16CA-8915-4666-8277-63007CF02705}.Release|ARM.Deploy.0 = Release|iPhoneSimulator
		{FE8A16CA-8915-4666-8277-63007CF02705}.Release|iPhone.ActiveCfg = Release|iPhone
		{FE8A16CA-8915-4666-8277-63007CF02705}.Release|iPhone.Build.0 = Release|iPhone
		{FE8A16CA-8915-4666-8277-63007CF02705}.Release|iPhone.Deploy.0 = Release|iPhone
		{FE8A16CA-8915-4666-8277-63007CF02705}.Release|iPhoneSimulator.ActiveCfg = Release|iPhoneSimulator
		{FE8A16CA-8915-4666-8277-63007CF02705}.Release|iPhoneSimulator.Build.0 = Release|iPhoneSimulator
		{FE8A16CA-8915-4666-8277-63007CF02705}.Release|iPhoneSimulator.Deploy.0 = Release|iPhoneSimulator
		{FE8A16CA-8915-4666-8277-63007CF02705}.Release|x64.ActiveCfg = Release|iPhoneSimulator
		{FE8A16CA-8915-4666-8277-63007CF02705}.Release|x64.Build.0 = Release|iPhoneSimulator
		{FE8A16CA-8915-4666-8277-63007CF02705}.Release|x64.Deploy.0 = Release|iPhoneSimulator
		{FE8A16CA-8915-4666-8277-63007CF02705}.Release|x86.ActiveCfg = Release|iPhoneSimulator
		{FE8A16CA-8915-4666-8277-63007CF02705}.Release|x86.Build.0 = Release|iPhoneSimulator
		{FE8A16CA-8915-4666-8277-63007CF02705}.Release|x86.Deploy.0 = Release|iPhoneSimulator
		{297EDEEA-AB78-482D-822D-BE6B6A042518}.Debug|Any CPU.ActiveCfg = Debug|Any CPU
		{297EDEEA-AB78-482D-822D-BE6B6A042518}.Debug|Any CPU.Build.0 = Debug|Any CPU
		{297EDEEA-AB78-482D-822D-BE6B6A042518}.Debug|Any CPU.Deploy.0 = Debug|Any CPU
		{297EDEEA-AB78-482D-822D-BE6B6A042518}.Debug|ARM.ActiveCfg = Debug|Any CPU
		{297EDEEA-AB78-482D-822D-BE6B6A042518}.Debug|ARM.Build.0 = Debug|Any CPU
		{297EDEEA-AB78-482D-822D-BE6B6A042518}.Debug|ARM.Deploy.0 = Debug|Any CPU
		{297EDEEA-AB78-482D-822D-BE6B6A042518}.Debug|iPhone.ActiveCfg = Debug|Any CPU
		{297EDEEA-AB78-482D-822D-BE6B6A042518}.Debug|iPhone.Build.0 = Debug|Any CPU
		{297EDEEA-AB78-482D-822D-BE6B6A042518}.Debug|iPhone.Deploy.0 = Debug|Any CPU
		{297EDEEA-AB78-482D-822D-BE6B6A042518}.Debug|iPhoneSimulator.ActiveCfg = Debug|Any CPU
		{297EDEEA-AB78-482D-822D-BE6B6A042518}.Debug|iPhoneSimulator.Build.0 = Debug|Any CPU
		{297EDEEA-AB78-482D-822D-BE6B6A042518}.Debug|iPhoneSimulator.Deploy.0 = Debug|Any CPU
		{297EDEEA-AB78-482D-822D-BE6B6A042518}.Debug|x64.ActiveCfg = Debug|Any CPU
		{297EDEEA-AB78-482D-822D-BE6B6A042518}.Debug|x64.Build.0 = Debug|Any CPU
		{297EDEEA-AB78-482D-822D-BE6B6A042518}.Debug|x64.Deploy.0 = Debug|Any CPU
		{297EDEEA-AB78-482D-822D-BE6B6A042518}.Debug|x86.ActiveCfg = Debug|Any CPU
		{297EDEEA-AB78-482D-822D-BE6B6A042518}.Debug|x86.Build.0 = Debug|Any CPU
		{297EDEEA-AB78-482D-822D-BE6B6A042518}.Debug|x86.Deploy.0 = Debug|Any CPU
		{297EDEEA-AB78-482D-822D-BE6B6A042518}.Release|Any CPU.ActiveCfg = Release|Any CPU
		{297EDEEA-AB78-482D-822D-BE6B6A042518}.Release|Any CPU.Build.0 = Release|Any CPU
		{297EDEEA-AB78-482D-822D-BE6B6A042518}.Release|Any CPU.Deploy.0 = Release|Any CPU
		{297EDEEA-AB78-482D-822D-BE6B6A042518}.Release|ARM.ActiveCfg = Release|Any CPU
		{297EDEEA-AB78-482D-822D-BE6B6A042518}.Release|ARM.Build.0 = Release|Any CPU
		{297EDEEA-AB78-482D-822D-BE6B6A042518}.Release|ARM.Deploy.0 = Release|Any CPU
		{297EDEEA-AB78-482D-822D-BE6B6A042518}.Release|iPhone.ActiveCfg = Release|Any CPU
		{297EDEEA-AB78-482D-822D-BE6B6A042518}.Release|iPhone.Build.0 = Release|Any CPU
		{297EDEEA-AB78-482D-822D-BE6B6A042518}.Release|iPhone.Deploy.0 = Release|Any CPU
		{297EDEEA-AB78-482D-822D-BE6B6A042518}.Release|iPhoneSimulator.ActiveCfg = Release|Any CPU
		{297EDEEA-AB78-482D-822D-BE6B6A042518}.Release|iPhoneSimulator.Build.0 = Release|Any CPU
		{297EDEEA-AB78-482D-822D-BE6B6A042518}.Release|iPhoneSimulator.Deploy.0 = Release|Any CPU
		{297EDEEA-AB78-482D-822D-BE6B6A042518}.Release|x64.ActiveCfg = Release|Any CPU
		{297EDEEA-AB78-482D-822D-BE6B6A042518}.Release|x64.Build.0 = Release|Any CPU
		{297EDEEA-AB78-482D-822D-BE6B6A042518}.Release|x64.Deploy.0 = Release|Any CPU
		{297EDEEA-AB78-482D-822D-BE6B6A042518}.Release|x86.ActiveCfg = Release|Any CPU
		{297EDEEA-AB78-482D-822D-BE6B6A042518}.Release|x86.Build.0 = Release|Any CPU
		{297EDEEA-AB78-482D-822D-BE6B6A042518}.Release|x86.Deploy.0 = Release|Any CPU
	EndGlobalSection
	GlobalSection(SolutionProperties) = preSolution
		HideSolutionNode = FALSE
	EndGlobalSection
	GlobalSection(ExtensibilityGlobals) = postSolution
		SolutionGuid = {16DF2892-6083-470F-B5B1-E10364CB2AF1}
	EndGlobalSection
EndGlobal
